PODS:
  - AccountKit (4.35.0)
  - Alamofire (5.0.0.beta.1)
  - Bond (7.0.0):
    - Differ (~> 1.3)
    - ReactiveKit (~> 3.9)
  - Differ (1.3.0)
  - DTPagerController (2.0.2)
  - Gloss (2.1.0)
  - IQKeyboardManagerSwift (6.2.0)
  - Kingfisher (5.0.0)
  - MarqueeLabel/Swift (3.2.0)
  - NotificationBannerSwift (1.8.0):
    - MarqueeLabel/Swift (~> 3.2.0)
    - SnapKit (~> 4.0.1)
  - ObjectMapper (3.4.1)
  - ReactiveKit (3.9.7)
  - SnapKit (4.0.1)
  - SVProgressHUD (2.2.5)
  - SwiftyJSON (4.2.0)
  - ViewUtils (1.1.2)

DEPENDENCIES:
  - AccountKit
  - Alamofire (~> 5.0.0.beta.1)
  - Bond
  - DTPagerController
  - Gloss (~> 2.0)
  - IQKeyboardManagerSwift
  - Kingfisher (~> 5.0)
  - NotificationBannerSwift
  - ObjectMapper (~> 3.4)
  - SnapKit (~> 4.0.0)
  - SVProgressHUD
  - SwiftyJSON (~> 4.0)
  - ViewUtils (~> 1.1)

SPEC REPOS:
  https://github.com/cocoapods/specs.git:
    - AccountKit
    - Alamofire
    - Bond
    - Differ
    - DTPagerController
    - Gloss
    - IQKeyboardManagerSwift
    - Kingfisher
    - MarqueeLabel
    - NotificationBannerSwift
    - ObjectMapper
    - ReactiveKit
    - SnapKit
    - SVProgressHUD
    - SwiftyJSON
    - ViewUtils

SPEC CHECKSUMS:
  AccountKit: 870ccaf5d33facda9408783e28fbe68c5211e069
  Alamofire: 2ef6d6c984c5d21c366e9b41a9ae7dfee2b67a44
  Bond: 7928751991aee53c1b746e82735a7214db2cb09f
  Differ: 9fcee7602542d7c6484ce05a0faec1c11258ed63
  DTPagerController: c462532a15498d168904ed5f6ded1674e34f1330
  Gloss: 13ab6b4b0ff4cb2448466edc957479b1bccea8ba
  IQKeyboardManagerSwift: b07ccf9d8cafe993dcd6cb794eb4ba34611a0c4e
  Kingfisher: 2b0dd651e4fe5a07305b8242fde56f8e2d410f58
  MarqueeLabel: 440a502b91a9179bd98f9fff00ba1150650a1c0e
  NotificationBannerSwift: 49fc4be7fabada55b189b50e72184c92edd5f7f7
  ObjectMapper: 5311bd50ca732930959e7ca1a2de43ab823a5ced
  ReactiveKit: 5f4c440715d671901c382ae6b42ed3337ce4699b
  SnapKit: 0de968a9fec17499afa29683b05d0c775b6d1c29
  SVProgressHUD: 1428aafac632c1f86f62aa4243ec12008d7a51d6
  SwiftyJSON: c4bcba26dd9ec7a027fc8eade48e2c911f229e96
  ViewUtils: 68e42c708a4b3912e39691cef5080282dc5013fb

PODFILE CHECKSUM: 56b9faa7166286c85b32f5f439bb2da2b7d30903

COCOAPODS: 1.5.3
